
Microsoft Visual Studio Solution File, Format Version 12.00
# Visual Studio 15
VisualStudioVersion = 15.0.26730.16
MinimumVisualStudioVersion = 10.0.40219.1
Project("{FAE04EC0-301F-11D3-BF4B-00C04F79EFBC}") = "DapperScratch", "DapperScratch\DapperScratch.csproj", "{58A2C030-BC4E-4B86-BA3F-273884732DCC}"
EndProject
Project("{FAE04EC0-301F-11D3-BF4B-00C04F79EFBC}") = "Test.DapperScratch", "Test.DapperScratch\Test.DapperScratch.csproj", "{77431E3A-502D-475B-9E32-5D815025D700}"
EndProject
Global
	GlobalSection(SolutionConfigurationPlatforms) = preSolution
		Debug|Any CPU = Debug|Any CPU
		Release|Any CPU = Release|Any CPU
	EndGlobalSection
	GlobalSection(ProjectConfigurationPlatforms) = postSolution
		{58A2C030-BC4E-4B86-BA3F-273884732DCC}.Debug|Any CPU.ActiveCfg = Debug|Any CPU
		{58A2C030-BC4E-4B86-BA3F-273884732DCC}.Debug|Any CPU.Build.0 = Debug|Any CPU
		{58A2C030-BC4E-4B86-BA3F-273884732DCC}.Release|Any CPU.ActiveCfg = Release|Any CPU
		{58A2C030-BC4E-4B86-BA3F-273884732DCC}.Release|Any CPU.Build.0 = Release|Any CPU
		{77431E3A-502D-475B-9E32-5D815025D700}.Debug|Any CPU.ActiveCfg = Debug|Any CPU
		{77431E3A-502D-475B-9E32-5D815025D700}.Debug|Any CPU.Build.0 = Debug|Any CPU
		{77431E3A-502D-475B-9E32-5D815025D700}.Release|Any CPU.ActiveCfg = Release|Any CPU
		{77431E3A-502D-475B-9E32-5D815025D700}.Release|Any CPU.Build.0 = Release|Any CPU
	EndGlobalSection
	GlobalSection(SolutionProperties) = preSolution
		HideSolutionNode = FALSE
	EndGlobalSection
	GlobalSection(ExtensibilityGlobals) = postSolution
		SolutionGuid = {5581633E-62B6-42F0-B636-3839A19A2978}
	EndGlobalSection
EndGlobal
