
Microsoft Visual Studio Solution File, Format Version 12.00
# Visual Studio 15
VisualStudioVersion = 15.0.27004.2008
MinimumVisualStudioVersion = 10.0.40219.1
Project("{FAE04EC0-301F-11D3-BF4B-00C04F79EFBC}") = "1AtomicOperation", "1AtomicOperation\1AtomicOperation.csproj", "{1C32BF9E-528B-46A6-95E8-7991FC12F905}"
EndProject
Project("{FAE04EC0-301F-11D3-BF4B-00C04F79EFBC}") = "2Mutex", "2Mutex\2Mutex.csproj", "{C022C6A1-091E-409D-A72A-A13DC947C2A6}"
EndProject
Project("{FAE04EC0-301F-11D3-BF4B-00C04F79EFBC}") = "3SemaphoreSlim", "3SemaphoreSlim\3SemaphoreSlim.csproj", "{409CC199-C370-40D7-AA2D-7B3E3CAC09CC}"
EndProject
Project("{FAE04EC0-301F-11D3-BF4B-00C04F79EFBC}") = "4AutoResetEvent", "4AutoResetEvent\4AutoResetEvent.csproj", "{BEFABC2F-B5B0-4053-9662-A6A98D37CF5D}"
EndProject
Project("{FAE04EC0-301F-11D3-BF4B-00C04F79EFBC}") = "5ManualResetEventSlim", "5ManualResetEventSlim\5ManualResetEventSlim.csproj", "{C9951B55-CA47-43B1-8B29-1EC45FA98889}"
EndProject
Project("{FAE04EC0-301F-11D3-BF4B-00C04F79EFBC}") = "6CountDownEvent", "6CountDownEvent\6CountDownEvent.csproj", "{CF1724D6-C30A-46C7-BC83-EA37BEB2285F}"
EndProject
Project("{FAE04EC0-301F-11D3-BF4B-00C04F79EFBC}") = "7Barrier", "7Barrier\7Barrier.csproj", "{0B080D8E-0824-45D9-85D1-327CA7D4C6BF}"
EndProject
Project("{FAE04EC0-301F-11D3-BF4B-00C04F79EFBC}") = "8ReaderWriterLockSlim", "ReaderWriterLockSlim\8ReaderWriterLockSlim.csproj", "{8475FEA3-8E38-4406-894A-1FED7BE56F9B}"
EndProject
Project("{FAE04EC0-301F-11D3-BF4B-00C04F79EFBC}") = "9SpinWait", "9SpinWait\9SpinWait.csproj", "{66B6762A-D2A5-413A-B65E-B520BA1A199D}"
EndProject
Global
	GlobalSection(SolutionConfigurationPlatforms) = preSolution
		Debug|Any CPU = Debug|Any CPU
		Release|Any CPU = Release|Any CPU
	EndGlobalSection
	GlobalSection(ProjectConfigurationPlatforms) = postSolution
		{1C32BF9E-528B-46A6-95E8-7991FC12F905}.Debug|Any CPU.ActiveCfg = Debug|Any CPU
		{1C32BF9E-528B-46A6-95E8-7991FC12F905}.Debug|Any CPU.Build.0 = Debug|Any CPU
		{1C32BF9E-528B-46A6-95E8-7991FC12F905}.Release|Any CPU.ActiveCfg = Release|Any CPU
		{1C32BF9E-528B-46A6-95E8-7991FC12F905}.Release|Any CPU.Build.0 = Release|Any CPU
		{C022C6A1-091E-409D-A72A-A13DC947C2A6}.Debug|Any CPU.ActiveCfg = Debug|Any CPU
		{C022C6A1-091E-409D-A72A-A13DC947C2A6}.Debug|Any CPU.Build.0 = Debug|Any CPU
		{C022C6A1-091E-409D-A72A-A13DC947C2A6}.Release|Any CPU.ActiveCfg = Release|Any CPU
		{C022C6A1-091E-409D-A72A-A13DC947C2A6}.Release|Any CPU.Build.0 = Release|Any CPU
		{409CC199-C370-40D7-AA2D-7B3E3CAC09CC}.Debug|Any CPU.ActiveCfg = Debug|Any CPU
		{409CC199-C370-40D7-AA2D-7B3E3CAC09CC}.Debug|Any CPU.Build.0 = Debug|Any CPU
		{409CC199-C370-40D7-AA2D-7B3E3CAC09CC}.Release|Any CPU.ActiveCfg = Release|Any CPU
		{409CC199-C370-40D7-AA2D-7B3E3CAC09CC}.Release|Any CPU.Build.0 = Release|Any CPU
		{BEFABC2F-B5B0-4053-9662-A6A98D37CF5D}.Debug|Any CPU.ActiveCfg = Debug|Any CPU
		{BEFABC2F-B5B0-4053-9662-A6A98D37CF5D}.Debug|Any CPU.Build.0 = Debug|Any CPU
		{BEFABC2F-B5B0-4053-9662-A6A98D37CF5D}.Release|Any CPU.ActiveCfg = Release|Any CPU
		{BEFABC2F-B5B0-4053-9662-A6A98D37CF5D}.Release|Any CPU.Build.0 = Release|Any CPU
		{C9951B55-CA47-43B1-8B29-1EC45FA98889}.Debug|Any CPU.ActiveCfg = Debug|Any CPU
		{C9951B55-CA47-43B1-8B29-1EC45FA98889}.Debug|Any CPU.Build.0 = Debug|Any CPU
		{C9951B55-CA47-43B1-8B29-1EC45FA98889}.Release|Any CPU.ActiveCfg = Release|Any CPU
		{C9951B55-CA47-43B1-8B29-1EC45FA98889}.Release|Any CPU.Build.0 = Release|Any CPU
		{CF1724D6-C30A-46C7-BC83-EA37BEB2285F}.Debug|Any CPU.ActiveCfg = Debug|Any CPU
		{CF1724D6-C30A-46C7-BC83-EA37BEB2285F}.Debug|Any CPU.Build.0 = Debug|Any CPU
		{CF1724D6-C30A-46C7-BC83-EA37BEB2285F}.Release|Any CPU.ActiveCfg = Release|Any CPU
		{CF1724D6-C30A-46C7-BC83-EA37BEB2285F}.Release|Any CPU.Build.0 = Release|Any CPU
		{0B080D8E-0824-45D9-85D1-327CA7D4C6BF}.Debug|Any CPU.ActiveCfg = Debug|Any CPU
		{0B080D8E-0824-45D9-85D1-327CA7D4C6BF}.Debug|Any CPU.Build.0 = Debug|Any CPU
		{0B080D8E-0824-45D9-85D1-327CA7D4C6BF}.Release|Any CPU.ActiveCfg = Release|Any CPU
		{0B080D8E-0824-45D9-85D1-327CA7D4C6BF}.Release|Any CPU.Build.0 = Release|Any CPU
		{8475FEA3-8E38-4406-894A-1FED7BE56F9B}.Debug|Any CPU.ActiveCfg = Debug|Any CPU
		{8475FEA3-8E38-4406-894A-1FED7BE56F9B}.Debug|Any CPU.Build.0 = Debug|Any CPU
		{8475FEA3-8E38-4406-894A-1FED7BE56F9B}.Release|Any CPU.ActiveCfg = Release|Any CPU
		{8475FEA3-8E38-4406-894A-1FED7BE56F9B}.Release|Any CPU.Build.0 = Release|Any CPU
		{66B6762A-D2A5-413A-B65E-B520BA1A199D}.Debug|Any CPU.ActiveCfg = Debug|Any CPU
		{66B6762A-D2A5-413A-B65E-B520BA1A199D}.Debug|Any CPU.Build.0 = Debug|Any CPU
		{66B6762A-D2A5-413A-B65E-B520BA1A199D}.Release|Any CPU.ActiveCfg = Release|Any CPU
		{66B6762A-D2A5-413A-B65E-B520BA1A199D}.Release|Any CPU.Build.0 = Release|Any CPU
	EndGlobalSection
	GlobalSection(SolutionProperties) = preSolution
		HideSolutionNode = FALSE
	EndGlobalSection
	GlobalSection(ExtensibilityGlobals) = postSolution
		SolutionGuid = {3661468D-3881-4D29-970C-85304F2634B7}
	EndGlobalSection
EndGlobal
